
Microsoft Visual Studio Solution File, Format Version 12.00
# Visual Studio Version 17
VisualStudioVersion = 17.0.31903.59
MinimumVisualStudioVersion = 10.0.40219.1
Project("{FAE04EC0-301F-11D3-BF4B-00C04F79EFBC}") = "API", "API\API.csproj", "{3C749404-2BDA-4B45-8813-38C3DF0D57A1}"
EndProject
Project("{FAE04EC0-301F-11D3-BF4B-00C04F79EFBC}") = "Application", "Application\Application.csproj", "{F738E1E6-C880-4EAA-933E-574C3447ED19}"
EndProject
Project("{FAE04EC0-301F-11D3-BF4B-00C04F79EFBC}") = "Domain", "Domain\Domain.csproj", "{8766081A-559B-4EF2-9AE8-A96BCCDBC78D}"
EndProject
Project("{FAE04EC0-301F-11D3-BF4B-00C04F79EFBC}") = "Persistence", "Persistence\Persistence.csproj", "{FE8FCB1D-4406-4800-8EA1-D4FB8F27C777}"
EndProject
Global
	GlobalSection(SolutionConfigurationPlatforms) = preSolution
		Debug|Any CPU = Debug|Any CPU
		Release|Any CPU = Release|Any CPU
	EndGlobalSection
	GlobalSection(SolutionProperties) = preSolution
		HideSolutionNode = FALSE
	EndGlobalSection
	GlobalSection(ProjectConfigurationPlatforms) = postSolution
		{3C749404-2BDA-4B45-8813-38C3DF0D57A1}.Debug|Any CPU.ActiveCfg = Debug|Any CPU
		{3C749404-2BDA-4B45-8813-38C3DF0D57A1}.Debug|Any CPU.Build.0 = Debug|Any CPU
		{3C749404-2BDA-4B45-8813-38C3DF0D57A1}.Release|Any CPU.ActiveCfg = Release|Any CPU
		{3C749404-2BDA-4B45-8813-38C3DF0D57A1}.Release|Any CPU.Build.0 = Release|Any CPU
		{F738E1E6-C880-4EAA-933E-574C3447ED19}.Debug|Any CPU.ActiveCfg = Debug|Any CPU
		{F738E1E6-C880-4EAA-933E-574C3447ED19}.Debug|Any CPU.Build.0 = Debug|Any CPU
		{F738E1E6-C880-4EAA-933E-574C3447ED19}.Release|Any CPU.ActiveCfg = Release|Any CPU
		{F738E1E6-C880-4EAA-933E-574C3447ED19}.Release|Any CPU.Build.0 = Release|Any CPU
		{8766081A-559B-4EF2-9AE8-A96BCCDBC78D}.Debug|Any CPU.ActiveCfg = Debug|Any CPU
		{8766081A-559B-4EF2-9AE8-A96BCCDBC78D}.Debug|Any CPU.Build.0 = Debug|Any CPU
		{8766081A-559B-4EF2-9AE8-A96BCCDBC78D}.Release|Any CPU.ActiveCfg = Release|Any CPU
		{8766081A-559B-4EF2-9AE8-A96BCCDBC78D}.Release|Any CPU.Build.0 = Release|Any CPU
		{FE8FCB1D-4406-4800-8EA1-D4FB8F27C777}.Debug|Any CPU.ActiveCfg = Debug|Any CPU
		{FE8FCB1D-4406-4800-8EA1-D4FB8F27C777}.Debug|Any CPU.Build.0 = Debug|Any CPU
		{FE8FCB1D-4406-4800-8EA1-D4FB8F27C777}.Release|Any CPU.ActiveCfg = Release|Any CPU
		{FE8FCB1D-4406-4800-8EA1-D4FB8F27C777}.Release|Any CPU.Build.0 = Release|Any CPU
	EndGlobalSection
EndGlobal
